
Microsoft Visual Studio Solution File, Format Version 12.00
Project("{FAE04EC0-301F-11D3-BF4B-00C04F79EFBC}") = "Collections", "Collections\Collections.csproj", "{A973CEC6-12B6-491B-80AE-BD04C5773D41}"
EndProject
Global
	GlobalSection(SolutionConfigurationPlatforms) = preSolution
		Debug|Any CPU = Debug|Any CPU
		Release|Any CPU = Release|Any CPU
	EndGlobalSection
	GlobalSection(ProjectConfigurationPlatforms) = postSolution
		{A973CEC6-12B6-491B-80AE-BD04C5773D41}.Debug|Any CPU.ActiveCfg = Debug|Any CPU
		{A973CEC6-12B6-491B-80AE-BD04C5773D41}.Debug|Any CPU.Build.0 = Debug|Any CPU
		{A973CEC6-12B6-491B-80AE-BD04C5773D41}.Release|Any CPU.ActiveCfg = Release|Any CPU
		{A973CEC6-12B6-491B-80AE-BD04C5773D41}.Release|Any CPU.Build.0 = Release|Any CPU
	EndGlobalSection
EndGlobal
