
Microsoft Visual Studio Solution File, Format Version 12.00
Project("{FAE04EC0-301F-11D3-BF4B-00C04F79EFBC}") = "Threading", "Threading \Threading.csproj", "{A9148ABD-15C5-4017-B2EB-A2DC6B9CBEEE}"
EndProject
Global
	GlobalSection(SolutionConfigurationPlatforms) = preSolution
		Debug|Any CPU = Debug|Any CPU
		Release|Any CPU = Release|Any CPU
	EndGlobalSection
	GlobalSection(ProjectConfigurationPlatforms) = postSolution
		{A9148ABD-15C5-4017-B2EB-A2DC6B9CBEEE}.Debug|Any CPU.ActiveCfg = Debug|Any CPU
		{A9148ABD-15C5-4017-B2EB-A2DC6B9CBEEE}.Debug|Any CPU.Build.0 = Debug|Any CPU
		{A9148ABD-15C5-4017-B2EB-A2DC6B9CBEEE}.Release|Any CPU.ActiveCfg = Release|Any CPU
		{A9148ABD-15C5-4017-B2EB-A2DC6B9CBEEE}.Release|Any CPU.Build.0 = Release|Any CPU
	EndGlobalSection
EndGlobal
